
Microsoft Visual Studio Solution File, Format Version 12.00
# Visual Studio Version 17
VisualStudioVersion = 17.1.32319.34
MinimumVisualStudioVersion = 10.0.40219.1
Project("{9A19103F-16F7-4668-BE54-9A1E7A4F7556}") = "CachingExample", "CachingExample\CachingExample.csproj", "{0F6F07D2-357B-406B-93BC-A6969DB0853A}"
EndProject
Project("{9A19103F-16F7-4668-BE54-9A1E7A4F7556}") = "DataAccessLibrary", "DataAccessLibrary\DataAccessLibrary.csproj", "{1E4B7960-67B5-416D-B7A4-446C26550E77}"
EndProject
Global
	GlobalSection(SolutionConfigurationPlatforms) = preSolution
		Debug|Any CPU = Debug|Any CPU
		Release|Any CPU = Release|Any CPU
	EndGlobalSection
	GlobalSection(ProjectConfigurationPlatforms) = postSolution
		{0F6F07D2-357B-406B-93BC-A6969DB0853A}.Debug|Any CPU.ActiveCfg = Debug|Any CPU
		{0F6F07D2-357B-406B-93BC-A6969DB0853A}.Debug|Any CPU.Build.0 = Debug|Any CPU
		{0F6F07D2-357B-406B-93BC-A6969DB0853A}.Release|Any CPU.ActiveCfg = Release|Any CPU
		{0F6F07D2-357B-406B-93BC-A6969DB0853A}.Release|Any CPU.Build.0 = Release|Any CPU
		{1E4B7960-67B5-416D-B7A4-446C26550E77}.Debug|Any CPU.ActiveCfg = Debug|Any CPU
		{1E4B7960-67B5-416D-B7A4-446C26550E77}.Debug|Any CPU.Build.0 = Debug|Any CPU
		{1E4B7960-67B5-416D-B7A4-446C26550E77}.Release|Any CPU.ActiveCfg = Release|Any CPU
		{1E4B7960-67B5-416D-B7A4-446C26550E77}.Release|Any CPU.Build.0 = Release|Any CPU
	EndGlobalSection
	GlobalSection(SolutionProperties) = preSolution
		HideSolutionNode = FALSE
	EndGlobalSection
	GlobalSection(ExtensibilityGlobals) = postSolution
		SolutionGuid = {912B18E8-424E-4E0C-B906-678DD8C6838D}
	EndGlobalSection
EndGlobal
